PODS:
  - Kiwi (2.4.0)
  - OSSystems (0.9.0):
    - UICKeyChainStore (~> 2.1.0)
  - UICKeyChainStore (2.1.0)

DEPENDENCIES:
  - Kiwi
  - OSSystems (from `../`)

EXTERNAL SOURCES:
  OSSystems:
    :path: ../

SPEC CHECKSUMS:
  Kiwi: f49c9d54b28917df5928fe44968a39ed198cb8a8
  OSSystems: c6cb32f4dca5136d557c9724a44dfbf22047eb8b
  UICKeyChainStore: f1cbd42216a113f0165de1e733e62905b8823432

PODFILE CHECKSUM: d308bbe46fd134d0446e423176b869e77882cf40

COCOAPODS: 1.4.0
