PODS:
  - FBSnapshotTestCase (2.1.0):
    - FBSnapshotTestCase/SwiftSupport (= 2.1.0)
  - FBSnapshotTestCase/Core (2.1.0)
  - FBSnapshotTestCase/SwiftSupport (2.1.0):
    - FBSnapshotTestCase/Core
  - Kiwi (2.4.0)
  - OSSystems (0.1.0)

DEPENDENCIES:
  - FBSnapshotTestCase
  - Kiwi
  - OSSystems (from `../`)

EXTERNAL SOURCES:
  OSSystems:
    :path: ../

SPEC CHECKSUMS:
  FBSnapshotTestCase: 366ecd378511d7716c79991cd8067d1eed23578d
  Kiwi: f49c9d54b28917df5928fe44968a39ed198cb8a8
  OSSystems: e0e745b1f22658b06fbb2859272dc08006b8f394

COCOAPODS: 0.39.0
